
Microsoft Visual Studio Solution File, Format Version 12.00
# Visual Studio 15
VisualStudioVersion = 15.0.27130.2036
MinimumVisualStudioVersion = 10.0.40219.1
Project("{FAE04EC0-301F-11D3-BF4B-00C04F79EFBC}") = "GROBSI", "GROBSI\GROBSI.csproj", "{213B2865-6AE5-494A-98DE-C57EAB38507A}"
EndProject
Global
	GlobalSection(SolutionConfigurationPlatforms) = preSolution
		Debug|Any CPU = Debug|Any CPU
		Release|Any CPU = Release|Any CPU
	EndGlobalSection
	GlobalSection(ProjectConfigurationPlatforms) = postSolution
		{213B2865-6AE5-494A-98DE-C57EAB38507A}.Debug|Any CPU.ActiveCfg = Debug|Any CPU
		{213B2865-6AE5-494A-98DE-C57EAB38507A}.Debug|Any CPU.Build.0 = Debug|Any CPU
		{213B2865-6AE5-494A-98DE-C57EAB38507A}.Release|Any CPU.ActiveCfg = Release|Any CPU
		{213B2865-6AE5-494A-98DE-C57EAB38507A}.Release|Any CPU.Build.0 = Release|Any CPU
	EndGlobalSection
	GlobalSection(SolutionProperties) = preSolution
		HideSolutionNode = FALSE
	EndGlobalSection
	GlobalSection(ExtensibilityGlobals) = postSolution
		SolutionGuid = {4967B322-C1D4-4D27-B1ED-63A482AD31BE}
	EndGlobalSection
EndGlobal
